
Microsoft Visual Studio Solution File, Format Version 12.00
# Visual Studio Version 16
VisualStudioVersion = 16.0.32106.194
MinimumVisualStudioVersion = 10.0.40219.1
Project("{FAE04EC0-301F-11D3-BF4B-00C04F79EFBC}") = "Web", "Web.csproj", "{7B5786C9-EC43-4892-AAC0-B5BE68FCD692}"
EndProject
Global
	GlobalSection(SolutionConfigurationPlatforms) = preSolution
		Debug|Any CPU = Debug|Any CPU
		Release|Any CPU = Release|Any CPU
	EndGlobalSection
	GlobalSection(ProjectConfigurationPlatforms) = postSolution
		{7B5786C9-EC43-4892-AAC0-B5BE68FCD692}.Debug|Any CPU.ActiveCfg = Debug|Any CPU
		{7B5786C9-EC43-4892-AAC0-B5BE68FCD692}.Debug|Any CPU.Build.0 = Debug|Any CPU
		{7B5786C9-EC43-4892-AAC0-B5BE68FCD692}.Release|Any CPU.ActiveCfg = Release|Any CPU
		{7B5786C9-EC43-4892-AAC0-B5BE68FCD692}.Release|Any CPU.Build.0 = Release|Any CPU
	EndGlobalSection
	GlobalSection(SolutionProperties) = preSolution
		HideSolutionNode = FALSE
	EndGlobalSection
	GlobalSection(ExtensibilityGlobals) = postSolution
		SolutionGuid = {F55F5293-2EAF-40A4-A680-09F3F5216337}
	EndGlobalSection
EndGlobal
